PODS:
  - EasyTuple (1.0.0)
  - Expecta (1.0.6)
  - OCHamcrest (7.1.0)
  - OCMockito (5.1.0):
    - OCHamcrest (~> 7.0)
  - Specta (1.0.7)

DEPENDENCIES:
  - EasyTuple (from `../`)
  - Expecta (~> 1.0)
  - OCMockito (~> 5.0)
  - Specta (~> 1.0)

SPEC REPOS:
  https://github.com/CocoaPods/Specs.git:
    - Expecta
    - OCHamcrest
    - OCMockito
    - Specta

EXTERNAL SOURCES:
  EasyTuple:
    :path: "../"

SPEC CHECKSUMS:
  EasyTuple: deb26a6a6153e5a0bd9fc707c5b51d4d1a582824
  Expecta: 3b6bd90a64b9a1dcb0b70aa0e10a7f8f631667d5
  OCHamcrest: f91040b9a78196a9e26bc831265dda5ab6839590
  OCMockito: f420d00dc5ffbb7452f9f499cd1766e6583d61a5
  Specta: 3e1bd89c3517421982dc4d1c992503e48bd5fe66

PODFILE CHECKSUM: 3cc1d5dfce9fdc5bcc98f0f486c69973bcdd4b6f

COCOAPODS: 1.5.0
