PODS:
  - EasyTuple (1.1.2)
  - Expecta (1.0.6)
  - OCHamcrest (7.1.0)
  - OCMockito (5.1.0):
    - OCHamcrest (~> 7.0)
  - Specta (1.0.7)

DEPENDENCIES:
  - EasyTuple (from `../`)
  - Expecta (~> 1.0)
  - OCMockito (~> 5.0)
  - Specta (~> 1.0)

SPEC REPOS:
  https://github.com/cocoapods/specs.git:
    - Expecta
    - OCHamcrest
    - OCMockito
    - Specta

EXTERNAL SOURCES:
  EasyTuple:
    :path: "../"

SPEC CHECKSUMS:
  EasyTuple: b09a16c2438d0d910c99860d26a3033a621a322d
  Expecta: 3b6bd90a64b9a1dcb0b70aa0e10a7f8f631667d5
  OCHamcrest: f91040b9a78196a9e26bc831265dda5ab6839590
  OCMockito: f420d00dc5ffbb7452f9f499cd1766e6583d61a5
  Specta: 3e1bd89c3517421982dc4d1c992503e48bd5fe66

PODFILE CHECKSUM: e2c55fc64013dc2d25a458d8ac84cefa2ec9afa4

COCOAPODS: 1.5.3
