PODS:
  - EasyTuple (1.0.0)
  - Expecta (1.0.6)
  - OCMock (3.4.1)
  - Specta (1.0.7)

DEPENDENCIES:
  - EasyTuple (from `../`)
  - Expecta (~> 1.0)
  - OCMock (~> 3.4)
  - Specta (~> 1.0)

SPEC REPOS:
  https://github.com/CocoaPods/Specs.git:
    - Expecta
    - OCMock
    - Specta

EXTERNAL SOURCES:
  EasyTuple:
    :path: "../"

SPEC CHECKSUMS:
  EasyTuple: 786a90181e0ef4f3e4d44d6068adbed76a301b91
  Expecta: 3b6bd90a64b9a1dcb0b70aa0e10a7f8f631667d5
  OCMock: 2cd0716969bab32a2283ff3a46fd26a8c8b4c5e3
  Specta: 3e1bd89c3517421982dc4d1c992503e48bd5fe66

PODFILE CHECKSUM: cd57d8c2396d0e2a07f93cb52541ea6887ca92d4

COCOAPODS: 1.5.0
